
Microsoft Visual Studio Solution File, Format Version 12.00
# Visual Studio 2012
Project("{F2A71F9B-5D33-465A-A702-920D77279786}") = "FsPrettyTable", "FsPrettyTable.fsproj", "{005CF318-ED7F-4DCB-A781-39AF6C820725}"
EndProject
Project("{F2A71F9B-5D33-465A-A702-920D77279786}") = "FsPrettyTable.Tests", "..\FsPrettyTable.Tests\FsPrettyTable.Tests.fsproj", "{3D4DBA37-9446-4829-966E-3D27A7D597BB}"
EndProject
Global
	GlobalSection(SolutionConfigurationPlatforms) = preSolution
		Debug|Any CPU = Debug|Any CPU
		Release|Any CPU = Release|Any CPU
	EndGlobalSection
	GlobalSection(ProjectConfigurationPlatforms) = postSolution
		{005CF318-ED7F-4DCB-A781-39AF6C820725}.Debug|Any CPU.ActiveCfg = Debug|Any CPU
		{005CF318-ED7F-4DCB-A781-39AF6C820725}.Debug|Any CPU.Build.0 = Debug|Any CPU
		{005CF318-ED7F-4DCB-A781-39AF6C820725}.Release|Any CPU.ActiveCfg = Release|Any CPU
		{005CF318-ED7F-4DCB-A781-39AF6C820725}.Release|Any CPU.Build.0 = Release|Any CPU
		{3D4DBA37-9446-4829-966E-3D27A7D597BB}.Debug|Any CPU.ActiveCfg = Debug|Any CPU
		{3D4DBA37-9446-4829-966E-3D27A7D597BB}.Debug|Any CPU.Build.0 = Debug|Any CPU
		{3D4DBA37-9446-4829-966E-3D27A7D597BB}.Release|Any CPU.ActiveCfg = Release|Any CPU
		{3D4DBA37-9446-4829-966E-3D27A7D597BB}.Release|Any CPU.Build.0 = Release|Any CPU
	EndGlobalSection
	GlobalSection(SolutionProperties) = preSolution
		HideSolutionNode = FALSE
	EndGlobalSection
EndGlobal
